// !$*UTF8*$!
{
	archiveVersion = 1;
	classes = {
	};
	objectVersion = 46;
	objects = {

/* Begin PBXBuildFile section */
		30D47BA31B5CAF0200031FAC /* main.m in Sources */ = {isa = PBXBuildFile; fileRef = 30D47BA21B5CAF0200031FAC /* main.m */; };
		30D47BA61B5CAF0200031FAC /* AppDelegate.m in Sources */ = {isa = PBXBuildFile; fileRef = 30D47BA51B5CAF0200031FAC /* AppDelegate.m */; };
		30D47BA91B5CAF0200031FAC /* SELLER_ONNER.xcdatamodeld in Sources */ = {isa = PBXBuildFile; fileRef = 30D47BA71B5CAF0200031FAC /* SELLER_ONNER.xcdatamodeld */; };
		30D47BAC1B5CAF0200031FAC /* ViewController.m in Sources */ = {isa = PBXBuildFile; fileRef = 30D47BAB1B5CAF0200031FAC /* ViewController.m */; };
		30D47BAF1B5CAF0200031FAC /* Main.storyboard in Resources */ = {isa = PBXBuildFile; fileRef = 30D47BAD1B5CAF0200031FAC /* Main.storyboard */; };
		30D47BB11B5CAF0200031FAC /* Images.xcassets in Resources */ = {isa = PBXBuildFile; fileRef = 30D47BB01B5CAF0200031FAC /* Images.xcassets */; };
		30D47BB41B5CAF0200031FAC /* LaunchScreen.xib in Resources */ = {isa = PBXBuildFile; fileRef = 30D47BB21B5CAF0200031FAC /* LaunchScreen.xib */; };
		30D47BC01B5CAF0200031FAC /* SELLER_ONNERTests.m in Sources */ = {isa = PBXBuildFile; fileRef = 30D47BBF1B5CAF0200031FAC /* SELLER_ONNERTests.m */; };
/* End PBXBuildFile section */

/* Begin PBXContainerItemProxy section */
		30D47BBA1B5CAF0200031FAC /* PBXContainerItemProxy */ = {
			isa = PBXContainerItemProxy;
			containerPortal = 30D47B951B5CAF0200031FAC /* Project object */;
			proxyType = 1;
			remoteGlobalIDString = 30D47B9C1B5CAF0200031FAC;
			remoteInfo = "SELLER-ONNER";
		};
/* End PBXContainerItemProxy section */

/* Begin PBXFileReference section */
		30D47B9D1B5CAF0200031FAC /* SELLER-ONNER.app */ = {isa = PBXFileReference; explicitFileType = wrapper.application; includeInIndex = 0; path = "SELLER-ONNER.app"; sourceTree = BUILT_PRODUCTS_DIR; };
		30D47BA11B5CAF0200031FAC /* Info.plist */ = {isa = PBXFileReference; lastKnownFileType = text.plist.xml; path = Info.plist; sourceTree = "<group>"; };
		30D47BA21B5CAF0200031FAC /* main.m */ = {isa = PBXFileReference; lastKnownFileType = sourcecode.c.objc; path = main.m; sourceTree = "<group>"; };
		30D47BA41B5CAF0200031FAC /* AppDelegate.h */ = {isa = PBXFileReference; lastKnownFileType = sourcecode.c.h; path = AppDelegate.h; sourceTree = "<group>"; };
		30D47BA51B5CAF0200031FAC /* AppDelegate.m */ = {isa = PBXFileReference; lastKnownFileType = sourcecode.c.objc; path = AppDelegate.m; sourceTree = "<group>"; };
		30D47BA81B5CAF0200031FAC /* SELLER_ONNER.xcdatamodel */ = {isa = PBXFileReference; lastKnownFileType = wrapper.xcdatamodel; path = SELLER_ONNER.xcdatamodel; sourceTree = "<group>"; };
		30D47BAA1B5CAF0200031FAC /* ViewController.h */ = {isa = PBXFileReference; lastKnownFileType = sourcecode.c.h; path = ViewController.h; sourceTree = "<group>"; };
		30D47BAB1B5CAF0200031FAC /* ViewController.m */ = {isa = PBXFileReference; lastKnownFileType = sourcecode.c.objc; path = ViewController.m; sourceTree = "<group>"; };
		30D47BAE1B5CAF0200031FAC /* Base */ = {isa = PBXFileReference; lastKnownFileType = file.storyboard; name = Base; path = Base.lproj/Main.storyboard; sourceTree = "<group>"; };
		30D47BB01B5CAF0200031FAC /* Images.xcassets */ = {isa = PBXFileReference; lastKnownFileType = folder.assetcatalog; path = Images.xcassets; sourceTree = "<group>"; };
		30D47BB31B5CAF0200031FAC /* Base */ = {isa = PBXFileReference; lastKnownFileType = file.xib; name = Base; path = Base.lproj/LaunchScreen.xib; sourceTree = "<group>"; };
		30D47BB91B5CAF0200031FAC /* SELLER-ONNERTests.xctest */ = {isa = PBXFileReference; explicitFileType = wrapper.cfbundle; includeInIndex = 0; path = "SELLER-ONNERTests.xctest"; sourceTree = BUILT_PRODUCTS_DIR; };
		30D47BBE1B5CAF0200031FAC /* Info.plist */ = {isa = PBXFileReference; lastKnownFileType = text.plist.xml; path = Info.plist; sourceTree = "<group>"; };
		30D47BBF1B5CAF0200031FAC /* SELLER_ONNERTests.m */ = {isa = PBXFileReference; lastKnownFileType = sourcecode.c.objc; path = SELLER_ONNERTests.m; sourceTree = "<group>"; };
/* End PBXFileReference section */

/* Begin PBXFrameworksBuildPhase section */
		30D47B9A1B5CAF0200031FAC /* Frameworks */ = {
			isa = PBXFrameworksBuildPhase;
			buildActionMask = 2147483647;
			files = (
			);
			runOnlyForDeploymentPostprocessing = 0;
		};
		30D47BB61B5CAF0200031FAC /* Frameworks */ = {
			isa = PBXFrameworksBuildPhase;
			buildActionMask = 2147483647;
			files = (
			);
			runOnlyForDeploymentPostprocessing = 0;
		};
/* End PBXFrameworksBuildPhase section */

/* Begin PBXGroup section */
		30D47B941B5CAF0200031FAC = {
			isa = PBXGroup;
			children = (
				30D47B9F1B5CAF0200031FAC /* SELLER-ONNER */,
				30D47BBC1B5CAF0200031FAC /* SELLER-ONNERTests */,
				30D47B9E1B5CAF0200031FAC /* Products */,
			);
			sourceTree = "<group>";
		};
		30D47B9E1B5CAF0200031FAC /* Products */ = {
			isa = PBXGroup;
			children = (
				30D47B9D1B5CAF0200031FAC /* SELLER-ONNER.app */,
				30D47BB91B5CAF0200031FAC /* SELLER-ONNERTests.xctest */,
			);
			name = Products;
			sourceTree = "<group>";
		};
		30D47B9F1B5CAF0200031FAC /* SELLER-ONNER */ = {
			isa = PBXGroup;
			children = (
				30D47BA41B5CAF0200031FAC /* AppDelegate.h */,
				30D47BA51B5CAF0200031FAC /* AppDelegate.m */,
				30D47BAA1B5CAF0200031FAC /* ViewController.h */,
				30D47BAB1B5CAF0200031FAC /* ViewController.m */,
				30D47BAD1B5CAF0200031FAC /* Main.storyboard */,
				30D47BB01B5CAF0200031FAC /* Images.xcassets */,
				30D47BB21B5CAF0200031FAC /* LaunchScreen.xib */,
				30D47BA71B5CAF0200031FAC /* SELLER_ONNER.xcdatamodeld */,
				30D47BA01B5CAF0200031FAC /* Supporting Files */,
			);
			path = "SELLER-ONNER";
			sourceTree = "<group>";
		};
		30D47BA01B5CAF0200031FAC /* Supporting Files */ = {
			isa = PBXGroup;
			children = (
				30D47BA11B5CAF0200031FAC /* Info.plist */,
				30D47BA21B5CAF0200031FAC /* main.m */,
			);
			name = "Supporting Files";
			sourceTree = "<group>";
		};
		30D47BBC1B5CAF0200031FAC /* SELLER-ONNERTests */ = {
			isa = PBXGroup;
			children = (
				30D47BBF1B5CAF0200031FAC /* SELLER_ONNERTests.m */,
				30D47BBD1B5CAF0200031FAC /* Supporting Files */,
			);
			path = "SELLER-ONNERTests";
			sourceTree = "<group>";
		};
		30D47BBD1B5CAF0200031FAC /* Supporting Files */ = {
			isa = PBXGroup;
			children = (
				30D47BBE1B5CAF0200031FAC /* Info.plist */,
			);
			name = "Supporting Files";
			sourceTree = "<group>";
		};
/* End PBXGroup section */

/* Begin PBXNativeTarget section */
		30D47B9C1B5CAF0200031FAC /* SELLER-ONNER */ = {
			isa = PBXNativeTarget;
			buildConfigurationList = 30D47BC31B5CAF0200031FAC /* Build configuration list for PBXNativeTarget "SELLER-ONNER" */;
			buildPhases = (
				30D47B991B5CAF0200031FAC /* Sources */,
				30D47B9A1B5CAF0200031FAC /* Frameworks */,
				30D47B9B1B5CAF0200031FAC /* Resources */,
			);
			buildRules = (
			);
			dependencies = (
			);
			name = "SELLER-ONNER";
			productName = "SELLER-ONNER";
			productReference = 30D47B9D1B5CAF0200031FAC /* SELLER-ONNER.app */;
			productType = "com.apple.product-type.application";
		};
		30D47BB81B5CAF0200031FAC /* SELLER-ONNERTests */ = {
			isa = PBXNativeTarget;
			buildConfigurationList = 30D47BC61B5CAF0200031FAC /* Build configuration list for PBXNativeTarget "SELLER-ONNERTests" */;
			buildPhases = (
				30D47BB51B5CAF0200031FAC /* Sources */,
				30D47BB61B5CAF0200031FAC /* Frameworks */,
				30D47BB71B5CAF0200031FAC /* Resources */,
			);
			buildRules = (
			);
			dependencies = (
				30D47BBB1B5CAF0200031FAC /* PBXTargetDependency */,
			);
			name = "SELLER-ONNERTests";
			productName = "SELLER-ONNERTests";
			productReference = 30D47BB91B5CAF0200031FAC /* SELLER-ONNERTests.xctest */;
			productType = "com.apple.product-type.bundle.unit-test";
		};
/* End PBXNativeTarget section */

/* Begin PBXProject section */
		30D47B951B5CAF0200031FAC /* Project object */ = {
			isa = PBXProject;
			attributes = {
				LastUpgradeCheck = 0610;
				ORGANIZATIONNAME = "TANONGSAK SEANGLUM";
				TargetAttributes = {
					30D47B9C1B5CAF0200031FAC = {
						CreatedOnToolsVersion = 6.1.1;
					};
					30D47BB81B5CAF0200031FAC = {
						CreatedOnToolsVersion = 6.1.1;
						TestTargetID = 30D47B9C1B5CAF0200031FAC;
					};
				};
			};
			buildConfigurationList = 30D47B981B5CAF0200031FAC /* Build configuration list for PBXProject "SELLER-ONNER" */;
			compatibilityVersion = "Xcode 3.2";
			developmentRegion = English;
			hasScannedForEncodings = 0;
			knownRegions = (
				en,
				Base,
			);
			mainGroup = 30D47B941B5CAF0200031FAC;
			productRefGroup = 30D47B9E1B5CAF0200031FAC /* Products */;
			projectDirPath = "";
			projectRoot = "";
			targets = (
				30D47B9C1B5CAF0200031FAC /* SELLER-ONNER */,
				30D47BB81B5CAF0200031FAC /* SELLER-ONNERTests */,
			);
		};
/* End PBXProject section */

/* Begin PBXResourcesBuildPhase section */
		30D47B9B1B5CAF0200031FAC /* Resources */ = {
			isa = PBXResourcesBuildPhase;
			buildActionMask = 2147483647;
			files = (
				30D47BAF1B5CAF0200031FAC /* Main.storyboard in Resources */,
				30D47BB41B5CAF0200031FAC /* LaunchScreen.xib in Resources */,
				30D47BB11B5CAF0200031FAC /* Images.xcassets in Resources */,
			);
			runOnlyForDeploymentPostprocessing = 0;
		};
		30D47BB71B5CAF0200031FAC /* Resources */ = {
			isa = PBXResourcesBuildPhase;
			buildActionMask = 2147483647;
			files = (
			);
			runOnlyForDeploymentPostprocessing = 0;
		};
/* End PBXResourcesBuildPhase section */

/* Begin PBXSourcesBuildPhase section */
		30D47B991B5CAF0200031FAC /* Sources */ = {
			isa = PBXSourcesBuildPhase;
			buildActionMask = 2147483647;
			files = (
				30D47BA61B5CAF0200031FAC /* AppDelegate.m in Sources */,
				30D47BA31B5CAF0200031FAC /* main.m in Sources */,
				30D47BAC1B5CAF0200031FAC /* ViewController.m in Sources */,
				30D47BA91B5CAF0200031FAC /* SELLER_ONNER.xcdatamodeld in Sources */,
			);
			runOnlyForDeploymentPostprocessing = 0;
		};
		30D47BB51B5CAF0200031FAC /* Sources */ = {
			isa = PBXSourcesBuildPhase;
			buildActionMask = 2147483647;
			files = (
				30D47BC01B5CAF0200031FAC /* SELLER_ONNERTests.m in Sources */,
			);
			runOnlyForDeploymentPostprocessing = 0;
		};
/* End PBXSourcesBuildPhase section */

/* Begin PBXTargetDependency section */
		30D47BBB1B5CAF0200031FAC /* PBXTargetDependency */ = {
			isa = PBXTargetDependency;
			target = 30D47B9C1B5CAF0200031FAC /* SELLER-ONNER */;
			targetProxy = 30D47BBA1B5CAF0200031FAC /* PBXContainerItemProxy */;
		};
/* End PBXTargetDependency section */

/* Begin PBXVariantGroup section */
		30D47BAD1B5CAF0200031FAC /* Main.storyboard */ = {
			isa = PBXVariantGroup;
			children = (
				30D47BAE1B5CAF0200031FAC /* Base */,
			);
			name = Main.storyboard;
			sourceTree = "<group>";
		};
		30D47BB21B5CAF0200031FAC /* LaunchScreen.xib */ = {
			isa = PBXVariantGroup;
			children = (
				30D47BB31B5CAF0200031FAC /* Base */,
			);
			name = LaunchScreen.xib;
			sourceTree = "<group>";
		};
/* End PBXVariantGroup section */

/* Begin XCBuildConfiguration section */
		30D47BC11B5CAF0200031FAC /* Debug */ = {
			isa = XCBuildConfiguration;
			buildSettings = {
				ALWAYS_SEARCH_USER_PATHS = NO;
				CLANG_CXX_LANGUAGE_STANDARD = "gnu++0x";
				CLANG_CXX_LIBRARY = "libc++";
				CLANG_ENABLE_MODULES = YES;
				CLANG_ENABLE_OBJC_ARC = YES;
				CLANG_WARN_BOOL_CONVERSION = YES;
				CLANG_WARN_CONSTANT_CONVERSION = YES;
				CLANG_WARN_DIRECT_OBJC_ISA_USAGE = YES_ERROR;
				CLANG_WARN_EMPTY_BODY = YES;
				CLANG_WARN_ENUM_CONVERSION = YES;
				CLANG_WARN_INT_CONVERSION = YES;
				CLANG_WARN_OBJC_ROOT_CLASS = YES_ERROR;
				CLANG_WARN_UNREACHABLE_CODE = YES;
				CLANG_WARN__DUPLICATE_METHOD_MATCH = YES;
				"CODE_SIGN_IDENTITY[sdk=iphoneos*]" = "iPhone Developer";
				COPY_PHASE_STRIP = NO;
				ENABLE_STRICT_OBJC_MSGSEND = YES;
				GCC_C_LANGUAGE_STANDARD = gnu99;
				GCC_DYNAMIC_NO_PIC = NO;
				GCC_OPTIMIZATION_LEVEL = 0;
				GCC_PREPROCESSOR_DEFINITIONS = (
					"DEBUG=1",
					"$(inherited)",
				);
				GCC_SYMBOLS_PRIVATE_EXTERN = NO;
				GCC_WARN_64_TO_32_BIT_CONVERSION = YES;
				GCC_WARN_ABOUT_RETURN_TYPE = YES_ERROR;
				GCC_WARN_UNDECLARED_SELECTOR = YES;
				GCC_WARN_UNINITIALIZED_AUTOS = YES_AGGRESSIVE;
				GCC_WARN_UNUSED_FUNCTION = YES;
				GCC_WARN_UNUSED_VARIABLE = YES;
				IPHONEOS_DEPLOYMENT_TARGET = 8.1;
				MTL_ENABLE_DEBUG_INFO = YES;
				ONLY_ACTIVE_ARCH = YES;
				SDKROOT = iphoneos;
			};
			name = Debug;
		};
		30D47BC21B5CAF0200031FAC /* Release */ = {
			isa = XCBuildConfiguration;
			buildSettings = {
				ALWAYS_SEARCH_USER_PATHS = NO;
				CLANG_CXX_LANGUAGE_STANDARD = "gnu++0x";
				CLANG_CXX_LIBRARY = "libc++";
				CLANG_ENABLE_MODULES = YES;
				CLANG_ENABLE_OBJC_ARC = YES;
				CLANG_WARN_BOOL_CONVERSION = YES;
				CLANG_WARN_CONSTANT_CONVERSION = YES;
				CLANG_WARN_DIRECT_OBJC_ISA_USAGE = YES_ERROR;
				CLANG_WARN_EMPTY_BODY = YES;
				CLANG_WARN_ENUM_CONVERSION = YES;
				CLANG_WARN_INT_CONVERSION = YES;
				CLANG_WARN_OBJC_ROOT_CLASS = YES_ERROR;
				CLANG_WARN_UNREACHABLE_CODE = YES;
				CLANG_WARN__DUPLICATE_METHOD_MATCH = YES;
				"CODE_SIGN_IDENTITY[sdk=iphoneos*]" = "iPhone Developer";
				COPY_PHASE_STRIP = YES;
				ENABLE_NS_ASSERTIONS = NO;
				ENABLE_STRICT_OBJC_MSGSEND = YES;
				GCC_C_LANGUAGE_STANDARD = gnu99;
				GCC_WARN_64_TO_32_BIT_CONVERSION = YES;
				GCC_WARN_ABOUT_RETURN_TYPE = YES_ERROR;
				GCC_WARN_UNDECLARED_SELECTOR = YES;
				GCC_WARN_UNINITIALIZED_AUTOS = YES_AGGRESSIVE;
				GCC_WARN_UNUSED_FUNCTION = YES;
				GCC_WARN_UNUSED_VARIABLE = YES;
				IPHONEOS_DEPLOYMENT_TARGET = 8.1;
				MTL_ENABLE_DEBUG_INFO = NO;
				SDKROOT = iphoneos;
				VALIDATE_PRODUCT = YES;
			};
			name = Release;
		};
		30D47BC41B5CAF0200031FAC /* Debug */ = {
			isa = XCBuildConfiguration;
			buildSettings = {
				ASSETCATALOG_COMPILER_APPICON_NAME = AppIcon;
				INFOPLIST_FILE = "SELLER-ONNER/Info.plist";
				LD_RUNPATH_SEARCH_PATHS = "$(inherited) @executable_path/Frameworks";
				PRODUCT_NAME = "$(TARGET_NAME)";
			};
			name = Debug;
		};
		30D47BC51B5CAF0200031FAC /* Release */ = {
			isa = XCBuildConfiguration;
			buildSettings = {
				ASSETCATALOG_COMPILER_APPICON_NAME = AppIcon;
				INFOPLIST_FILE = "SELLER-ONNER/Info.plist";
				LD_RUNPATH_SEARCH_PATHS = "$(inherited) @executable_path/Frameworks";
				PRODUCT_NAME = "$(TARGET_NAME)";
			};
			name = Release;
		};
		30D47BC71B5CAF0200031FAC /* Debug */ = {
			isa = XCBuildConfiguration;
			buildSettings = {
				BUNDLE_LOADER = "$(TEST_HOST)";
				FRAMEWORK_SEARCH_PATHS = (
					"$(SDKROOT)/Developer/Library/Frameworks",
					"$(inherited)",
				);
				GCC_PREPROCESSOR_DEFINITIONS = (
					"DEBUG=1",
					"$(inherited)",
				);
				INFOPLIST_FILE = "SELLER-ONNERTests/Info.plist";
				LD_RUNPATH_SEARCH_PATHS = "$(inherited) @executable_path/Frameworks @loader_path/Frameworks";
				PRODUCT_NAME = "$(TARGET_NAME)";
				TEST_HOST = "$(BUILT_PRODUCTS_DIR)/SELLER-ONNER.app/SELLER-ONNER";
			};
			name = Debug;
		};
		30D47BC81B5CAF0200031FAC /* Release */ = {
			isa = XCBuildConfiguration;
			buildSettings = {
				BUNDLE_LOADER = "$(TEST_HOST)";
				FRAMEWORK_SEARCH_PATHS = (
					"$(SDKROOT)/Developer/Library/Frameworks",
					"$(inherited)",
				);
				INFOPLIST_FILE = "SELLER-ONNERTests/Info.plist";
				LD_RUNPATH_SEARCH_PATHS = "$(inherited) @executable_path/Frameworks @loader_path/Frameworks";
				PRODUCT_NAME = "$(TARGET_NAME)";
				TEST_HOST = "$(BUILT_PRODUCTS_DIR)/SELLER-ONNER.app/SELLER-ONNER";
			};
			name = Release;
		};
/* End XCBuildConfiguration section */

/* Begin XCConfigurationList section */
		30D47B981B5CAF0200031FAC /* Build configuration list for PBXProject "SELLER-ONNER" */ = {
			isa = XCConfigurationList;
			buildConfigurations = (
				30D47BC11B5CAF0200031FAC /* Debug */,
				30D47BC21B5CAF0200031FAC /* Release */,
			);
			defaultConfigurationIsVisible = 0;
			defaultConfigurationName = Release;
		};
		30D47BC31B5CAF0200031FAC /* Build configuration list for PBXNativeTarget "SELLER-ONNER" */ = {
			isa = XCConfigurationList;
			buildConfigurations = (
				30D47BC41B5CAF0200031FAC /* Debug */,
				30D47BC51B5CAF0200031FAC /* Release */,
			);
			defaultConfigurationIsVisible = 0;
		};
		30D47BC61B5CAF0200031FAC /* Build configuration list for PBXNativeTarget "SELLER-ONNERTests" */ = {
			isa = XCConfigurationList;
			buildConfigurations = (
				30D47BC71B5CAF0200031FAC /* Debug */,
				30D47BC81B5CAF0200031FAC /* Release */,
			);
			defaultConfigurationIsVisible = 0;
		};
/* End XCConfigurationList section */

/* Begin XCVersionGroup section */
		30D47BA71B5CAF0200031FAC /* SELLER_ONNER.xcdatamodeld */ = {
			isa = XCVersionGroup;
			children = (
				30D47BA81B5CAF0200031FAC /* SELLER_ONNER.xcdatamodel */,
			);
			currentVersion = 30D47BA81B5CAF0200031FAC /* SELLER_ONNER.xcdatamodel */;
			path = SELLER_ONNER.xcdatamodeld;
			sourceTree = "<group>";
			versionGroupType = wrapper.xcdatamodel;
		};
/* End XCVersionGroup section */
	};
	rootObject = 30D47B951B5CAF0200031FAC /* Project object */;
}
